
Microsoft Visual Studio Solution File, Format Version 12.00
# Visual Studio 15
VisualStudioVersion = 15.0.28307.1340
MinimumVisualStudioVersion = 10.0.40219.1
Project("{FAE04EC0-301F-11D3-BF4B-00C04F79EFBC}") = "WindowsFormsApp1", "C:\Users\yue\Desktop\电子病历大作业\ElectronicMedicalRecord\WindowsFormsApp1\WindowsFormsApp1.csproj", "{6A161F47-9CC1-4B21-8229-E66A2B988089}"
EndProject
Global
	GlobalSection(SolutionConfigurationPlatforms) = preSolution
		Debug|Any CPU = Debug|Any CPU
		Release|Any CPU = Release|Any CPU
	EndGlobalSection
	GlobalSection(ProjectConfigurationPlatforms) = postSolution
		{6A161F47-9CC1-4B21-8229-E66A2B988089}.Debug|Any CPU.ActiveCfg = Debug|Any CPU
		{6A161F47-9CC1-4B21-8229-E66A2B988089}.Debug|Any CPU.Build.0 = Debug|Any CPU
		{6A161F47-9CC1-4B21-8229-E66A2B988089}.Release|Any CPU.ActiveCfg = Release|Any CPU
		{6A161F47-9CC1-4B21-8229-E66A2B988089}.Release|Any CPU.Build.0 = Release|Any CPU
	EndGlobalSection
	GlobalSection(SolutionProperties) = preSolution
		HideSolutionNode = FALSE
	EndGlobalSection
	GlobalSection(ExtensibilityGlobals) = postSolution
		SolutionGuid = {FC630DDC-9902-44A7-A1AE-CE30BE159D0C}
	EndGlobalSection
EndGlobal
